// !$*UTF8*$!
{
	archiveVersion = 1;
	classes = {
	};
	objectVersion = 46;
	objects = {

/* Begin PBXBuildFile section */
		CD1659BE1D25848D00747503 /* AppDelegate.swift in Sources */ = {isa = PBXBuildFile; fileRef = CD1659BD1D25848D00747503 /* AppDelegate.swift */; };
		CD1659C01D25848D00747503 /* ViewController.swift in Sources */ = {isa = PBXBuildFile; fileRef = CD1659BF1D25848D00747503 /* ViewController.swift */; };
		CD1659C31D25848E00747503 /* Main.storyboard in Resources */ = {isa = PBXBuildFile; fileRef = CD1659C11D25848E00747503 /* Main.storyboard */; };
		CD1659C51D25848E00747503 /* Assets.xcassets in Resources */ = {isa = PBXBuildFile; fileRef = CD1659C41D25848E00747503 /* Assets.xcassets */; };
		CD1659C81D25848E00747503 /* LaunchScreen.storyboard in Resources */ = {isa = PBXBuildFile; fileRef = CD1659C61D25848E00747503 /* LaunchScreen.storyboard */; };
		CD1659D01D2585A900747503 /* sample_1280_544.yuv in Resources */ = {isa = PBXBuildFile; fileRef = CD1659CF1D2585A900747503 /* sample_1280_544.yuv */; };
		CD1659D21D25865600747503 /* PLVideoView.swift in Sources */ = {isa = PBXBuildFile; fileRef = CD1659D11D25865600747503 /* PLVideoView.swift */; };
		CD1659D41D25958C00747503 /* Base.metal in Sources */ = {isa = PBXBuildFile; fileRef = CD1659D31D25958C00747503 /* Base.metal */; };
/* End PBXBuildFile section */

/* Begin PBXFileReference section */
		CD1659BA1D25848D00747503 /* MetalYUV.app */ = {isa = PBXFileReference; explicitFileType = wrapper.application; includeInIndex = 0; path = MetalYUV.app; sourceTree = BUILT_PRODUCTS_DIR; };
		CD1659BD1D25848D00747503 /* AppDelegate.swift */ = {isa = PBXFileReference; lastKnownFileType = sourcecode.swift; path = AppDelegate.swift; sourceTree = "<group>"; };
		CD1659BF1D25848D00747503 /* ViewController.swift */ = {isa = PBXFileReference; lastKnownFileType = sourcecode.swift; path = ViewController.swift; sourceTree = "<group>"; };
		CD1659C21D25848E00747503 /* Base */ = {isa = PBXFileReference; lastKnownFileType = file.storyboard; name = Base; path = Base.lproj/Main.storyboard; sourceTree = "<group>"; };
		CD1659C41D25848E00747503 /* Assets.xcassets */ = {isa = PBXFileReference; lastKnownFileType = folder.assetcatalog; path = Assets.xcassets; sourceTree = "<group>"; };
		CD1659C71D25848E00747503 /* Base */ = {isa = PBXFileReference; lastKnownFileType = file.storyboard; name = Base; path = Base.lproj/LaunchScreen.storyboard; sourceTree = "<group>"; };
		CD1659C91D25848E00747503 /* Info.plist */ = {isa = PBXFileReference; lastKnownFileType = text.plist.xml; path = Info.plist; sourceTree = "<group>"; };
		CD1659CF1D2585A900747503 /* sample_1280_544.yuv */ = {isa = PBXFileReference; fileEncoding = 4; lastKnownFileType = text; path = sample_1280_544.yuv; sourceTree = "<group>"; };
		CD1659D11D25865600747503 /* PLVideoView.swift */ = {isa = PBXFileReference; fileEncoding = 4; lastKnownFileType = sourcecode.swift; path = PLVideoView.swift; sourceTree = "<group>"; };
		CD1659D31D25958C00747503 /* Base.metal */ = {isa = PBXFileReference; fileEncoding = 4; lastKnownFileType = sourcecode.metal; path = Base.metal; sourceTree = "<group>"; };
/* End PBXFileReference section */

/* Begin PBXFrameworksBuildPhase section */
		CD1659B71D25848D00747503 /* Frameworks */ = {
			isa = PBXFrameworksBuildPhase;
			buildActionMask = 2147483647;
			files = (
			);
			runOnlyForDeploymentPostprocessing = 0;
		};
/* End PBXFrameworksBuildPhase section */

/* Begin PBXGroup section */
		CD1659B11D25848D00747503 = {
			isa = PBXGroup;
			children = (
				CD1659BC1D25848D00747503 /* MetalYUV */,
				CD1659BB1D25848D00747503 /* Products */,
			);
			sourceTree = "<group>";
		};
		CD1659BB1D25848D00747503 /* Products */ = {
			isa = PBXGroup;
			children = (
				CD1659BA1D25848D00747503 /* MetalYUV.app */,
			);
			name = Products;
			sourceTree = "<group>";
		};
		CD1659BC1D25848D00747503 /* MetalYUV */ = {
			isa = PBXGroup;
			children = (
				CD1659CF1D2585A900747503 /* sample_1280_544.yuv */,
				CD1659BD1D25848D00747503 /* AppDelegate.swift */,
				CD1659BF1D25848D00747503 /* ViewController.swift */,
				CD1659C11D25848E00747503 /* Main.storyboard */,
				CD1659C41D25848E00747503 /* Assets.xcassets */,
				CD1659C61D25848E00747503 /* LaunchScreen.storyboard */,
				CD1659C91D25848E00747503 /* Info.plist */,
				CD1659D11D25865600747503 /* PLVideoView.swift */,
				CD1659D31D25958C00747503 /* Base.metal */,
			);
			path = MetalYUV;
			sourceTree = "<group>";
		};
/* End PBXGroup section */

/* Begin PBXNativeTarget section */
		CD1659B91D25848D00747503 /* MetalYUV */ = {
			isa = PBXNativeTarget;
			buildConfigurationList = CD1659CC1D25848E00747503 /* Build configuration list for PBXNativeTarget "MetalYUV" */;
			buildPhases = (
				CD1659B61D25848D00747503 /* Sources */,
				CD1659B71D25848D00747503 /* Frameworks */,
				CD1659B81D25848D00747503 /* Resources */,
			);
			buildRules = (
			);
			dependencies = (
			);
			name = MetalYUV;
			productName = MetalYUV;
			productReference = CD1659BA1D25848D00747503 /* MetalYUV.app */;
			productType = "com.apple.product-type.application";
		};
/* End PBXNativeTarget section */

/* Begin PBXProject section */
		CD1659B21D25848D00747503 /* Project object */ = {
			isa = PBXProject;
			attributes = {
				LastSwiftUpdateCheck = 0730;
				LastUpgradeCheck = 0730;
				ORGANIZATIONNAME = "Patrick Lin";
				TargetAttributes = {
					CD1659B91D25848D00747503 = {
						CreatedOnToolsVersion = 7.3.1;
						DevelopmentTeam = SS5T4G22AW;
					};
				};
			};
			buildConfigurationList = CD1659B51D25848D00747503 /* Build configuration list for PBXProject "MetalYUV" */;
			compatibilityVersion = "Xcode 3.2";
			developmentRegion = English;
			hasScannedForEncodings = 0;
			knownRegions = (
				en,
				Base,
			);
			mainGroup = CD1659B11D25848D00747503;
			productRefGroup = CD1659BB1D25848D00747503 /* Products */;
			projectDirPath = "";
			projectRoot = "";
			targets = (
				CD1659B91D25848D00747503 /* MetalYUV */,
			);
		};
/* End PBXProject section */

/* Begin PBXResourcesBuildPhase section */
		CD1659B81D25848D00747503 /* Resources */ = {
			isa = PBXResourcesBuildPhase;
			buildActionMask = 2147483647;
			files = (
				CD1659C81D25848E00747503 /* LaunchScreen.storyboard in Resources */,
				CD1659D01D2585A900747503 /* sample_1280_544.yuv in Resources */,
				CD1659C51D25848E00747503 /* Assets.xcassets in Resources */,
				CD1659C31D25848E00747503 /* Main.storyboard in Resources */,
			);
			runOnlyForDeploymentPostprocessing = 0;
		};
/* End PBXResourcesBuildPhase section */

/* Begin PBXSourcesBuildPhase section */
		CD1659B61D25848D00747503 /* Sources */ = {
			isa = PBXSourcesBuildPhase;
			buildActionMask = 2147483647;
			files = (
				CD1659C01D25848D00747503 /* ViewController.swift in Sources */,
				CD1659D21D25865600747503 /* PLVideoView.swift in Sources */,
				CD1659D41D25958C00747503 /* Base.metal in Sources */,
				CD1659BE1D25848D00747503 /* AppDelegate.swift in Sources */,
			);
			runOnlyForDeploymentPostprocessing = 0;
		};
/* End PBXSourcesBuildPhase section */

/* Begin PBXVariantGroup section */
		CD1659C11D25848E00747503 /* Main.storyboard */ = {
			isa = PBXVariantGroup;
			children = (
				CD1659C21D25848E00747503 /* Base */,
			);
			name = Main.storyboard;
			sourceTree = "<group>";
		};
		CD1659C61D25848E00747503 /* LaunchScreen.storyboard */ = {
			isa = PBXVariantGroup;
			children = (
				CD1659C71D25848E00747503 /* Base */,
			);
			name = LaunchScreen.storyboard;
			sourceTree = "<group>";
		};
/* End PBXVariantGroup section */

/* Begin XCBuildConfiguration section */
		CD1659CA1D25848E00747503 /* Debug */ = {
			isa = XCBuildConfiguration;
			buildSettings = {
				ALWAYS_SEARCH_USER_PATHS = NO;
				CLANG_ANALYZER_NONNULL = YES;
				CLANG_CXX_LANGUAGE_STANDARD = "gnu++0x";
				CLANG_CXX_LIBRARY = "libc++";
				CLANG_ENABLE_MODULES = YES;
				CLANG_ENABLE_OBJC_ARC = YES;
				CLANG_WARN_BOOL_CONVERSION = YES;
				CLANG_WARN_CONSTANT_CONVERSION = YES;
				CLANG_WARN_DIRECT_OBJC_ISA_USAGE = YES_ERROR;
				CLANG_WARN_EMPTY_BODY = YES;
				CLANG_WARN_ENUM_CONVERSION = YES;
				CLANG_WARN_INT_CONVERSION = YES;
				CLANG_WARN_OBJC_ROOT_CLASS = YES_ERROR;
				CLANG_WARN_UNREACHABLE_CODE = YES;
				CLANG_WARN__DUPLICATE_METHOD_MATCH = YES;
				"CODE_SIGN_IDENTITY[sdk=iphoneos*]" = "iPhone Developer";
				COPY_PHASE_STRIP = NO;
				DEBUG_INFORMATION_FORMAT = dwarf;
				ENABLE_STRICT_OBJC_MSGSEND = YES;
				ENABLE_TESTABILITY = YES;
				GCC_C_LANGUAGE_STANDARD = gnu99;
				GCC_DYNAMIC_NO_PIC = NO;
				GCC_NO_COMMON_BLOCKS = YES;
				GCC_OPTIMIZATION_LEVEL = 0;
				GCC_PREPROCESSOR_DEFINITIONS = (
					"DEBUG=1",
					"$(inherited)",
				);
				GCC_WARN_64_TO_32_BIT_CONVERSION = YES;
				GCC_WARN_ABOUT_RETURN_TYPE = YES_ERROR;
				GCC_WARN_UNDECLARED_SELECTOR = YES;
				GCC_WARN_UNINITIALIZED_AUTOS = YES_AGGRESSIVE;
				GCC_WARN_UNUSED_FUNCTION = YES;
				GCC_WARN_UNUSED_VARIABLE = YES;
				IPHONEOS_DEPLOYMENT_TARGET = 9.3;
				MTL_ENABLE_DEBUG_INFO = YES;
				ONLY_ACTIVE_ARCH = YES;
				SDKROOT = iphoneos;
				SWIFT_OPTIMIZATION_LEVEL = "-Onone";
				TARGETED_DEVICE_FAMILY = "1,2";
			};
			name = Debug;
		};
		CD1659CB1D25848E00747503 /* Release */ = {
			isa = XCBuildConfiguration;
			buildSettings = {
				ALWAYS_SEARCH_USER_PATHS = NO;
				CLANG_ANALYZER_NONNULL = YES;
				CLANG_CXX_LANGUAGE_STANDARD = "gnu++0x";
				CLANG_CXX_LIBRARY = "libc++";
				CLANG_ENABLE_MODULES = YES;
				CLANG_ENABLE_OBJC_ARC = YES;
				CLANG_WARN_BOOL_CONVERSION = YES;
				CLANG_WARN_CONSTANT_CONVERSION = YES;
				CLANG_WARN_DIRECT_OBJC_ISA_USAGE = YES_ERROR;
				CLANG_WARN_EMPTY_BODY = YES;
				CLANG_WARN_ENUM_CONVERSION = YES;
				CLANG_WARN_INT_CONVERSION = YES;
				CLANG_WARN_OBJC_ROOT_CLASS = YES_ERROR;
				CLANG_WARN_UNREACHABLE_CODE = YES;
				CLANG_WARN__DUPLICATE_METHOD_MATCH = YES;
				"CODE_SIGN_IDENTITY[sdk=iphoneos*]" = "iPhone Developer";
				COPY_PHASE_STRIP = NO;
				DEBUG_INFORMATION_FORMAT = "dwarf-with-dsym";
				ENABLE_NS_ASSERTIONS = NO;
				ENABLE_STRICT_OBJC_MSGSEND = YES;
				GCC_C_LANGUAGE_STANDARD = gnu99;
				GCC_NO_COMMON_BLOCKS = YES;
				GCC_WARN_64_TO_32_BIT_CONVERSION = YES;
				GCC_WARN_ABOUT_RETURN_TYPE = YES_ERROR;
				GCC_WARN_UNDECLARED_SELECTOR = YES;
				GCC_WARN_UNINITIALIZED_AUTOS = YES_AGGRESSIVE;
				GCC_WARN_UNUSED_FUNCTION = YES;
				GCC_WARN_UNUSED_VARIABLE = YES;
				IPHONEOS_DEPLOYMENT_TARGET = 9.3;
				MTL_ENABLE_DEBUG_INFO = NO;
				SDKROOT = iphoneos;
				TARGETED_DEVICE_FAMILY = "1,2";
				VALIDATE_PRODUCT = YES;
			};
			name = Release;
		};
		CD1659CD1D25848E00747503 /* Debug */ = {
			isa = XCBuildConfiguration;
			buildSettings = {
				ASSETCATALOG_COMPILER_APPICON_NAME = AppIcon;
				INFOPLIST_FILE = MetalYUV/Info.plist;
				LD_RUNPATH_SEARCH_PATHS = "$(inherited) @executable_path/Frameworks";
				PRODUCT_BUNDLE_IDENTIFIER = com.storeboot.MetalYUV;
				PRODUCT_NAME = "$(TARGET_NAME)";
			};
			name = Debug;
		};
		CD1659CE1D25848E00747503 /* Release */ = {
			isa = XCBuildConfiguration;
			buildSettings = {
				ASSETCATALOG_COMPILER_APPICON_NAME = AppIcon;
				INFOPLIST_FILE = MetalYUV/Info.plist;
				LD_RUNPATH_SEARCH_PATHS = "$(inherited) @executable_path/Frameworks";
				PRODUCT_BUNDLE_IDENTIFIER = com.storeboot.MetalYUV;
				PRODUCT_NAME = "$(TARGET_NAME)";
			};
			name = Release;
		};
/* End XCBuildConfiguration section */

/* Begin XCConfigurationList section */
		CD1659B51D25848D00747503 /* Build configuration list for PBXProject "MetalYUV" */ = {
			isa = XCConfigurationList;
			buildConfigurations = (
				CD1659CA1D25848E00747503 /* Debug */,
				CD1659CB1D25848E00747503 /* Release */,
			);
			defaultConfigurationIsVisible = 0;
			defaultConfigurationName = Release;
		};
		CD1659CC1D25848E00747503 /* Build configuration list for PBXNativeTarget "MetalYUV" */ = {
			isa = XCConfigurationList;
			buildConfigurations = (
				CD1659CD1D25848E00747503 /* Debug */,
				CD1659CE1D25848E00747503 /* Release */,
			);
			defaultConfigurationIsVisible = 0;
			defaultConfigurationName = Release;
		};
/* End XCConfigurationList section */
	};
	rootObject = CD1659B21D25848D00747503 /* Project object */;
}
